// !$*UTF8*$!
{
	archiveVersion = 1;
	classes = {
	};
	objectVersion = 56;
	objects = {

/* Begin PBXBuildFile section */
		B22A4F2929B7D45500326B97 /* GrandParadeApp.swift in Sources */ = {isa = PBXBuildFile; fileRef = B22A4F2829B7D45500326B97 /* GrandParadeApp.swift */; };
		B22A4F2D29B7D45500326B97 /* Assets.xcassets in Resources */ = {isa = PBXBuildFile; fileRef = B22A4F2C29B7D45500326B97 /* Assets.xcassets */; };
		B22A4F3129B7D45500326B97 /* Preview Assets.xcassets in Resources */ = {isa = PBXBuildFile; fileRef = B22A4F3029B7D45500326B97 /* Preview Assets.xcassets */; };
		B22A4F3B29B7D45600326B97 /* GrandParadeTests.swift in Sources */ = {isa = PBXBuildFile; fileRef = B22A4F3A29B7D45600326B97 /* GrandParadeTests.swift */; };
		B22A4F4529B7D45600326B97 /* GrandParadeUITests.swift in Sources */ = {isa = PBXBuildFile; fileRef = B22A4F4429B7D45600326B97 /* GrandParadeUITests.swift */; };
		B22A4F4729B7D45600326B97 /* GrandParadeUITestsLaunchTests.swift in Sources */ = {isa = PBXBuildFile; fileRef = B22A4F4629B7D45600326B97 /* GrandParadeUITestsLaunchTests.swift */; };
		B2AF21D029B7D4BD00802935 /* Product.swift in Sources */ = {isa = PBXBuildFile; fileRef = B2AF21CF29B7D4BD00802935 /* Product.swift */; };
		B2AF21D329B7D53B00802935 /* ProductService.swift in Sources */ = {isa = PBXBuildFile; fileRef = B2AF21D229B7D53B00802935 /* ProductService.swift */; };
		B2AF21D529B7D56100802935 /* Constants.swift in Sources */ = {isa = PBXBuildFile; fileRef = B2AF21D429B7D56100802935 /* Constants.swift */; };
		B2AF21D729B7D5B400802935 /* ProductsListView.swift in Sources */ = {isa = PBXBuildFile; fileRef = B2AF21D629B7D5B400802935 /* ProductsListView.swift */; };
		B2AF21DA29B7D5F300802935 /* ProductsListViewModel.swift in Sources */ = {isa = PBXBuildFile; fileRef = B2AF21D929B7D5F300802935 /* ProductsListViewModel.swift */; };
/* End PBXBuildFile section */

/* Begin PBXContainerItemProxy section */
		B22A4F3729B7D45600326B97 /* PBXContainerItemProxy */ = {
			isa = PBXContainerItemProxy;
			containerPortal = B22A4F1D29B7D45500326B97 /* Project object */;
			proxyType = 1;
			remoteGlobalIDString = B22A4F2429B7D45500326B97;
			remoteInfo = GrandParade;
		};
		B22A4F4129B7D45600326B97 /* PBXContainerItemProxy */ = {
			isa = PBXContainerItemProxy;
			containerPortal = B22A4F1D29B7D45500326B97 /* Project object */;
			proxyType = 1;
			remoteGlobalIDString = B22A4F2429B7D45500326B97;
			remoteInfo = GrandParade;
		};
/* End PBXContainerItemProxy section */

/* Begin PBXFileReference section */
		B22A4F2529B7D45500326B97 /* GrandParade.app */ = {isa = PBXFileReference; explicitFileType = wrapper.application; includeInIndex = 0; path = GrandParade.app; sourceTree = BUILT_PRODUCTS_DIR; };
		B22A4F2829B7D45500326B97 /* GrandParadeApp.swift */ = {isa = PBXFileReference; lastKnownFileType = sourcecode.swift; path = GrandParadeApp.swift; sourceTree = "<group>"; };
		B22A4F2C29B7D45500326B97 /* Assets.xcassets */ = {isa = PBXFileReference; lastKnownFileType = folder.assetcatalog; path = Assets.xcassets; sourceTree = "<group>"; };
		B22A4F2E29B7D45500326B97 /* GrandParade.entitlements */ = {isa = PBXFileReference; lastKnownFileType = text.plist.entitlements; path = GrandParade.entitlements; sourceTree = "<group>"; };
		B22A4F3029B7D45500326B97 /* Preview Assets.xcassets */ = {isa = PBXFileReference; lastKnownFileType = folder.assetcatalog; path = "Preview Assets.xcassets"; sourceTree = "<group>"; };
		B22A4F3629B7D45600326B97 /* GrandParadeTests.xctest */ = {isa = PBXFileReference; explicitFileType = wrapper.cfbundle; includeInIndex = 0; path = GrandParadeTests.xctest; sourceTree = BUILT_PRODUCTS_DIR; };
		B22A4F3A29B7D45600326B97 /* GrandParadeTests.swift */ = {isa = PBXFileReference; lastKnownFileType = sourcecode.swift; path = GrandParadeTests.swift; sourceTree = "<group>"; };
		B22A4F4029B7D45600326B97 /* GrandParadeUITests.xctest */ = {isa = PBXFileReference; explicitFileType = wrapper.cfbundle; includeInIndex = 0; path = GrandParadeUITests.xctest; sourceTree = BUILT_PRODUCTS_DIR; };
		B22A4F4429B7D45600326B97 /* GrandParadeUITests.swift */ = {isa = PBXFileReference; lastKnownFileType = sourcecode.swift; path = GrandParadeUITests.swift; sourceTree = "<group>"; };
		B22A4F4629B7D45600326B97 /* GrandParadeUITestsLaunchTests.swift */ = {isa = PBXFileReference; lastKnownFileType = sourcecode.swift; path = GrandParadeUITestsLaunchTests.swift; sourceTree = "<group>"; };
		B2AF21CF29B7D4BD00802935 /* Product.swift */ = {isa = PBXFileReference; lastKnownFileType = sourcecode.swift; path = Product.swift; sourceTree = "<group>"; };
		B2AF21D229B7D53B00802935 /* ProductService.swift */ = {isa = PBXFileReference; lastKnownFileType = sourcecode.swift; path = ProductService.swift; sourceTree = "<group>"; };
		B2AF21D429B7D56100802935 /* Constants.swift */ = {isa = PBXFileReference; lastKnownFileType = sourcecode.swift; path = Constants.swift; sourceTree = "<group>"; };
		B2AF21D629B7D5B400802935 /* ProductsListView.swift */ = {isa = PBXFileReference; lastKnownFileType = sourcecode.swift; path = ProductsListView.swift; sourceTree = "<group>"; };
		B2AF21D929B7D5F300802935 /* ProductsListViewModel.swift */ = {isa = PBXFileReference; lastKnownFileType = sourcecode.swift; path = ProductsListViewModel.swift; sourceTree = "<group>"; };
/* End PBXFileReference section */

/* Begin PBXFrameworksBuildPhase section */
		B22A4F2229B7D45500326B97 /* Frameworks */ = {
			isa = PBXFrameworksBuildPhase;
			buildActionMask = 2147483647;
			files = (
			);
			runOnlyForDeploymentPostprocessing = 0;
		};
		B22A4F3329B7D45600326B97 /* Frameworks */ = {
			isa = PBXFrameworksBuildPhase;
			buildActionMask = 2147483647;
			files = (
			);
			runOnlyForDeploymentPostprocessing = 0;
		};
		B22A4F3D29B7D45600326B97 /* Frameworks */ = {
			isa = PBXFrameworksBuildPhase;
			buildActionMask = 2147483647;
			files = (
			);
			runOnlyForDeploymentPostprocessing = 0;
		};
/* End PBXFrameworksBuildPhase section */

/* Begin PBXGroup section */
		B22A4F1C29B7D45500326B97 = {
			isa = PBXGroup;
			children = (
				B22A4F2729B7D45500326B97 /* GrandParade */,
				B22A4F3929B7D45600326B97 /* GrandParadeTests */,
				B22A4F4329B7D45600326B97 /* GrandParadeUITests */,
				B22A4F2629B7D45500326B97 /* Products */,
			);
			sourceTree = "<group>";
		};
		B22A4F2629B7D45500326B97 /* Products */ = {
			isa = PBXGroup;
			children = (
				B22A4F2529B7D45500326B97 /* GrandParade.app */,
				B22A4F3629B7D45600326B97 /* GrandParadeTests.xctest */,
				B22A4F4029B7D45600326B97 /* GrandParadeUITests.xctest */,
			);
			name = Products;
			sourceTree = "<group>";
		};
		B22A4F2729B7D45500326B97 /* GrandParade */ = {
			isa = PBXGroup;
			children = (
				B2AF21D829B7D5E100802935 /* ViewModels */,
				B2AF21D129B7D51F00802935 /* Services */,
				B2AF21CE29B7D4AE00802935 /* Views */,
				B2AF21CD29B7D4A600802935 /* Models */,
				B22A4F2829B7D45500326B97 /* GrandParadeApp.swift */,
				B22A4F2C29B7D45500326B97 /* Assets.xcassets */,
				B22A4F2E29B7D45500326B97 /* GrandParade.entitlements */,
				B22A4F2F29B7D45500326B97 /* Preview Content */,
				B2AF21D429B7D56100802935 /* Constants.swift */,
			);
			path = GrandParade;
			sourceTree = "<group>";
		};
		B22A4F2F29B7D45500326B97 /* Preview Content */ = {
			isa = PBXGroup;
			children = (
				B22A4F3029B7D45500326B97 /* Preview Assets.xcassets */,
			);
			path = "Preview Content";
			sourceTree = "<group>";
		};
		B22A4F3929B7D45600326B97 /* GrandParadeTests */ = {
			isa = PBXGroup;
			children = (
				B22A4F3A29B7D45600326B97 /* GrandParadeTests.swift */,
			);
			path = GrandParadeTests;
			sourceTree = "<group>";
		};
		B22A4F4329B7D45600326B97 /* GrandParadeUITests */ = {
			isa = PBXGroup;
			children = (
				B22A4F4429B7D45600326B97 /* GrandParadeUITests.swift */,
				B22A4F4629B7D45600326B97 /* GrandParadeUITestsLaunchTests.swift */,
			);
			path = GrandParadeUITests;
			sourceTree = "<group>";
		};
		B2AF21CD29B7D4A600802935 /* Models */ = {
			isa = PBXGroup;
			children = (
				B2AF21CF29B7D4BD00802935 /* Product.swift */,
			);
			path = Models;
			sourceTree = "<group>";
		};
		B2AF21CE29B7D4AE00802935 /* Views */ = {
			isa = PBXGroup;
			children = (
				B2AF21D629B7D5B400802935 /* ProductsListView.swift */,
			);
			path = Views;
			sourceTree = "<group>";
		};
		B2AF21D129B7D51F00802935 /* Services */ = {
			isa = PBXGroup;
			children = (
				B2AF21D229B7D53B00802935 /* ProductService.swift */,
			);
			path = Services;
			sourceTree = "<group>";
		};
		B2AF21D829B7D5E100802935 /* ViewModels */ = {
			isa = PBXGroup;
			children = (
				B2AF21D929B7D5F300802935 /* ProductsListViewModel.swift */,
			);
			path = ViewModels;
			sourceTree = "<group>";
		};
/* End PBXGroup section */

/* Begin PBXNativeTarget section */
		B22A4F2429B7D45500326B97 /* GrandParade */ = {
			isa = PBXNativeTarget;
			buildConfigurationList = B22A4F4A29B7D45600326B97 /* Build configuration list for PBXNativeTarget "GrandParade" */;
			buildPhases = (
				B22A4F2129B7D45500326B97 /* Sources */,
				B22A4F2229B7D45500326B97 /* Frameworks */,
				B22A4F2329B7D45500326B97 /* Resources */,
			);
			buildRules = (
			);
			dependencies = (
			);
			name = GrandParade;
			productName = GrandParade;
			productReference = B22A4F2529B7D45500326B97 /* GrandParade.app */;
			productType = "com.apple.product-type.application";
		};
		B22A4F3529B7D45600326B97 /* GrandParadeTests */ = {
			isa = PBXNativeTarget;
			buildConfigurationList = B22A4F4D29B7D45600326B97 /* Build configuration list for PBXNativeTarget "GrandParadeTests" */;
			buildPhases = (
				B22A4F3229B7D45600326B97 /* Sources */,
				B22A4F3329B7D45600326B97 /* Frameworks */,
				B22A4F3429B7D45600326B97 /* Resources */,
			);
			buildRules = (
			);
			dependencies = (
				B22A4F3829B7D45600326B97 /* PBXTargetDependency */,
			);
			name = GrandParadeTests;
			productName = GrandParadeTests;
			productReference = B22A4F3629B7D45600326B97 /* GrandParadeTests.xctest */;
			productType = "com.apple.product-type.bundle.unit-test";
		};
		B22A4F3F29B7D45600326B97 /* GrandParadeUITests */ = {
			isa = PBXNativeTarget;
			buildConfigurationList = B22A4F5029B7D45600326B97 /* Build configuration list for PBXNativeTarget "GrandParadeUITests" */;
			buildPhases = (
				B22A4F3C29B7D45600326B97 /* Sources */,
				B22A4F3D29B7D45600326B97 /* Frameworks */,
				B22A4F3E29B7D45600326B97 /* Resources */,
			);
			buildRules = (
			);
			dependencies = (
				B22A4F4229B7D45600326B97 /* PBXTargetDependency */,
			);
			name = GrandParadeUITests;
			productName = GrandParadeUITests;
			productReference = B22A4F4029B7D45600326B97 /* GrandParadeUITests.xctest */;
			productType = "com.apple.product-type.bundle.ui-testing";
		};
/* End PBXNativeTarget section */

/* Begin PBXProject section */
		B22A4F1D29B7D45500326B97 /* Project object */ = {
			isa = PBXProject;
			attributes = {
				BuildIndependentTargetsInParallel = 1;
				LastSwiftUpdateCheck = 1410;
				LastUpgradeCheck = 1410;
				TargetAttributes = {
					B22A4F2429B7D45500326B97 = {
						CreatedOnToolsVersion = 14.1;
					};
					B22A4F3529B7D45600326B97 = {
						CreatedOnToolsVersion = 14.1;
						TestTargetID = B22A4F2429B7D45500326B97;
					};
					B22A4F3F29B7D45600326B97 = {
						CreatedOnToolsVersion = 14.1;
						TestTargetID = B22A4F2429B7D45500326B97;
					};
				};
			};
			buildConfigurationList = B22A4F2029B7D45500326B97 /* Build configuration list for PBXProject "GrandParade" */;
			compatibilityVersion = "Xcode 14.0";
			developmentRegion = en;
			hasScannedForEncodings = 0;
			knownRegions = (
				en,
				Base,
			);
			mainGroup = B22A4F1C29B7D45500326B97;
			productRefGroup = B22A4F2629B7D45500326B97 /* Products */;
			projectDirPath = "";
			projectRoot = "";
			targets = (
				B22A4F2429B7D45500326B97 /* GrandParade */,
				B22A4F3529B7D45600326B97 /* GrandParadeTests */,
				B22A4F3F29B7D45600326B97 /* GrandParadeUITests */,
			);
		};
/* End PBXProject section */

/* Begin PBXResourcesBuildPhase section */
		B22A4F2329B7D45500326B97 /* Resources */ = {
			isa = PBXResourcesBuildPhase;
			buildActionMask = 2147483647;
			files = (
				B22A4F3129B7D45500326B97 /* Preview Assets.xcassets in Resources */,
				B22A4F2D29B7D45500326B97 /* Assets.xcassets in Resources */,
			);
			runOnlyForDeploymentPostprocessing = 0;
		};
		B22A4F3429B7D45600326B97 /* Resources */ = {
			isa = PBXResourcesBuildPhase;
			buildActionMask = 2147483647;
			files = (
			);
			runOnlyForDeploymentPostprocessing = 0;
		};
		B22A4F3E29B7D45600326B97 /* Resources */ = {
			isa = PBXResourcesBuildPhase;
			buildActionMask = 2147483647;
			files = (
			);
			runOnlyForDeploymentPostprocessing = 0;
		};
/* End PBXResourcesBuildPhase section */

/* Begin PBXSourcesBuildPhase section */
		B22A4F2129B7D45500326B97 /* Sources */ = {
			isa = PBXSourcesBuildPhase;
			buildActionMask = 2147483647;
			files = (
				B2AF21D529B7D56100802935 /* Constants.swift in Sources */,
				B2AF21D729B7D5B400802935 /* ProductsListView.swift in Sources */,
				B2AF21D329B7D53B00802935 /* ProductService.swift in Sources */,
				B22A4F2929B7D45500326B97 /* GrandParadeApp.swift in Sources */,
				B2AF21D029B7D4BD00802935 /* Product.swift in Sources */,
				B2AF21DA29B7D5F300802935 /* ProductsListViewModel.swift in Sources */,
			);
			runOnlyForDeploymentPostprocessing = 0;
		};
		B22A4F3229B7D45600326B97 /* Sources */ = {
			isa = PBXSourcesBuildPhase;
			buildActionMask = 2147483647;
			files = (
				B22A4F3B29B7D45600326B97 /* GrandParadeTests.swift in Sources */,
			);
			runOnlyForDeploymentPostprocessing = 0;
		};
		B22A4F3C29B7D45600326B97 /* Sources */ = {
			isa = PBXSourcesBuildPhase;
			buildActionMask = 2147483647;
			files = (
				B22A4F4729B7D45600326B97 /* GrandParadeUITestsLaunchTests.swift in Sources */,
				B22A4F4529B7D45600326B97 /* GrandParadeUITests.swift in Sources */,
			);
			runOnlyForDeploymentPostprocessing = 0;
		};
/* End PBXSourcesBuildPhase section */

/* Begin PBXTargetDependency section */
		B22A4F3829B7D45600326B97 /* PBXTargetDependency */ = {
			isa = PBXTargetDependency;
			target = B22A4F2429B7D45500326B97 /* GrandParade */;
			targetProxy = B22A4F3729B7D45600326B97 /* PBXContainerItemProxy */;
		};
		B22A4F4229B7D45600326B97 /* PBXTargetDependency */ = {
			isa = PBXTargetDependency;
			target = B22A4F2429B7D45500326B97 /* GrandParade */;
			targetProxy = B22A4F4129B7D45600326B97 /* PBXContainerItemProxy */;
		};
/* End PBXTargetDependency section */

/* Begin XCBuildConfiguration section */
		B22A4F4829B7D45600326B97 /* Debug */ = {
			isa = XCBuildConfiguration;
			buildSettings = {
				ALWAYS_SEARCH_USER_PATHS = NO;
				CLANG_ANALYZER_NONNULL = YES;
				CLANG_ANALYZER_NUMBER_OBJECT_CONVERSION = YES_AGGRESSIVE;
				CLANG_CXX_LANGUAGE_STANDARD = "gnu++20";
				CLANG_ENABLE_MODULES = YES;
				CLANG_ENABLE_OBJC_ARC = YES;
				CLANG_ENABLE_OBJC_WEAK = YES;
				CLANG_WARN_BLOCK_CAPTURE_AUTORELEASING = YES;
				CLANG_WARN_BOOL_CONVERSION = YES;
				CLANG_WARN_COMMA = YES;
				CLANG_WARN_CONSTANT_CONVERSION = YES;
				CLANG_WARN_DEPRECATED_OBJC_IMPLEMENTATIONS = YES;
				CLANG_WARN_DIRECT_OBJC_ISA_USAGE = YES_ERROR;
				CLANG_WARN_DOCUMENTATION_COMMENTS = YES;
				CLANG_WARN_EMPTY_BODY = YES;
				CLANG_WARN_ENUM_CONVERSION = YES;
				CLANG_WARN_INFINITE_RECURSION = YES;
				CLANG_WARN_INT_CONVERSION = YES;
				CLANG_WARN_NON_LITERAL_NULL_CONVERSION = YES;
				CLANG_WARN_OBJC_IMPLICIT_RETAIN_SELF = YES;
				CLANG_WARN_OBJC_LITERAL_CONVERSION = YES;
				CLANG_WARN_OBJC_ROOT_CLASS = YES_ERROR;
				CLANG_WARN_QUOTED_INCLUDE_IN_FRAMEWORK_HEADER = YES;
				CLANG_WARN_RANGE_LOOP_ANALYSIS = YES;
				CLANG_WARN_STRICT_PROTOTYPES = YES;
				CLANG_WARN_SUSPICIOUS_MOVE = YES;
				CLANG_WARN_UNGUARDED_AVAILABILITY = YES_AGGRESSIVE;
				CLANG_WARN_UNREACHABLE_CODE = YES;
				CLANG_WARN__DUPLICATE_METHOD_MATCH = YES;
				COPY_PHASE_STRIP = NO;
				DEBUG_INFORMATION_FORMAT = dwarf;
				ENABLE_STRICT_OBJC_MSGSEND = YES;
				ENABLE_TESTABILITY = YES;
				GCC_C_LANGUAGE_STANDARD = gnu11;
				GCC_DYNAMIC_NO_PIC = NO;
				GCC_NO_COMMON_BLOCKS = YES;
				GCC_OPTIMIZATION_LEVEL = 0;
				GCC_PREPROCESSOR_DEFINITIONS = (
					"DEBUG=1",
					"$(inherited)",
				);
				GCC_WARN_64_TO_32_BIT_CONVERSION = YES;
				GCC_WARN_ABOUT_RETURN_TYPE = YES_ERROR;
				GCC_WARN_UNDECLARED_SELECTOR = YES;
				GCC_WARN_UNINITIALIZED_AUTOS = YES_AGGRESSIVE;
				GCC_WARN_UNUSED_FUNCTION = YES;
				GCC_WARN_UNUSED_VARIABLE = YES;
				MTL_ENABLE_DEBUG_INFO = INCLUDE_SOURCE;
				MTL_FAST_MATH = YES;
				ONLY_ACTIVE_ARCH = YES;
				SWIFT_ACTIVE_COMPILATION_CONDITIONS = DEBUG;
				SWIFT_OPTIMIZATION_LEVEL = "-Onone";
			};
			name = Debug;
		};
		B22A4F4929B7D45600326B97 /* Release */ = {
			isa = XCBuildConfiguration;
			buildSettings = {
				ALWAYS_SEARCH_USER_PATHS = NO;
				CLANG_ANALYZER_NONNULL = YES;
				CLANG_ANALYZER_NUMBER_OBJECT_CONVERSION = YES_AGGRESSIVE;
				CLANG_CXX_LANGUAGE_STANDARD = "gnu++20";
				CLANG_ENABLE_MODULES = YES;
				CLANG_ENABLE_OBJC_ARC = YES;
				CLANG_ENABLE_OBJC_WEAK = YES;
				CLANG_WARN_BLOCK_CAPTURE_AUTORELEASING = YES;
				CLANG_WARN_BOOL_CONVERSION = YES;
				CLANG_WARN_COMMA = YES;
				CLANG_WARN_CONSTANT_CONVERSION = YES;
				CLANG_WARN_DEPRECATED_OBJC_IMPLEMENTATIONS = YES;
				CLANG_WARN_DIRECT_OBJC_ISA_USAGE = YES_ERROR;
				CLANG_WARN_DOCUMENTATION_COMMENTS = YES;
				CLANG_WARN_EMPTY_BODY = YES;
				CLANG_WARN_ENUM_CONVERSION = YES;
				CLANG_WARN_INFINITE_RECURSION = YES;
				CLANG_WARN_INT_CONVERSION = YES;
				CLANG_WARN_NON_LITERAL_NULL_CONVERSION = YES;
				CLANG_WARN_OBJC_IMPLICIT_RETAIN_SELF = YES;
				CLANG_WARN_OBJC_LITERAL_CONVERSION = YES;
				CLANG_WARN_OBJC_ROOT_CLASS = YES_ERROR;
				CLANG_WARN_QUOTED_INCLUDE_IN_FRAMEWORK_HEADER = YES;
				CLANG_WARN_RANGE_LOOP_ANALYSIS = YES;
				CLANG_WARN_STRICT_PROTOTYPES = YES;
				CLANG_WARN_SUSPICIOUS_MOVE = YES;
				CLANG_WARN_UNGUARDED_AVAILABILITY = YES_AGGRESSIVE;
				CLANG_WARN_UNREACHABLE_CODE = YES;
				CLANG_WARN__DUPLICATE_METHOD_MATCH = YES;
				COPY_PHASE_STRIP = NO;
				DEBUG_INFORMATION_FORMAT = "dwarf-with-dsym";
				ENABLE_NS_ASSERTIONS = NO;
				ENABLE_STRICT_OBJC_MSGSEND = YES;
				GCC_C_LANGUAGE_STANDARD = gnu11;
				GCC_NO_COMMON_BLOCKS = YES;
				GCC_WARN_64_TO_32_BIT_CONVERSION = YES;
				GCC_WARN_ABOUT_RETURN_TYPE = YES_ERROR;
				GCC_WARN_UNDECLARED_SELECTOR = YES;
				GCC_WARN_UNINITIALIZED_AUTOS = YES_AGGRESSIVE;
				GCC_WARN_UNUSED_FUNCTION = YES;
				GCC_WARN_UNUSED_VARIABLE = YES;
				MTL_ENABLE_DEBUG_INFO = NO;
				MTL_FAST_MATH = YES;
				SWIFT_COMPILATION_MODE = wholemodule;
				SWIFT_OPTIMIZATION_LEVEL = "-O";
			};
			name = Release;
		};
		B22A4F4B29B7D45600326B97 /* Debug */ = {
			isa = XCBuildConfiguration;
			buildSettings = {
				ASSETCATALOG_COMPILER_APPICON_NAME = AppIcon;
				ASSETCATALOG_COMPILER_GLOBAL_ACCENT_COLOR_NAME = AccentColor;
				CODE_SIGN_ENTITLEMENTS = GrandParade/GrandParade.entitlements;
				CODE_SIGN_STYLE = Automatic;
				CURRENT_PROJECT_VERSION = 1;
				DEVELOPMENT_ASSET_PATHS = "\"GrandParade/Preview Content\"";
				ENABLE_PREVIEWS = YES;
				GENERATE_INFOPLIST_FILE = YES;
				"INFOPLIST_KEY_UIApplicationSceneManifest_Generation[sdk=iphoneos*]" = YES;
				"INFOPLIST_KEY_UIApplicationSceneManifest_Generation[sdk=iphonesimulator*]" = YES;
				"INFOPLIST_KEY_UIApplicationSupportsIndirectInputEvents[sdk=iphoneos*]" = YES;
				"INFOPLIST_KEY_UIApplicationSupportsIndirectInputEvents[sdk=iphonesimulator*]" = YES;
				"INFOPLIST_KEY_UILaunchScreen_Generation[sdk=iphoneos*]" = YES;
				"INFOPLIST_KEY_UILaunchScreen_Generation[sdk=iphonesimulator*]" = YES;
				"INFOPLIST_KEY_UIStatusBarStyle[sdk=iphoneos*]" = UIStatusBarStyleDefault;
				"INFOPLIST_KEY_UIStatusBarStyle[sdk=iphonesimulator*]" = UIStatusBarStyleDefault;
				INFOPLIST_KEY_UISupportedInterfaceOrientations_iPad = "UIInterfaceOrientationPortrait UIInterfaceOrientationPortraitUpsideDown UIInterfaceOrientationLandscapeLeft UIInterfaceOrientationLandscapeRight";
				INFOPLIST_KEY_UISupportedInterfaceOrientations_iPhone = "UIInterfaceOrientationPortrait UIInterfaceOrientationLandscapeLeft UIInterfaceOrientationLandscapeRight";
				IPHONEOS_DEPLOYMENT_TARGET = 16.1;
				LD_RUNPATH_SEARCH_PATHS = "@executable_path/Frameworks";
				"LD_RUNPATH_SEARCH_PATHS[sdk=macosx*]" = "@executable_path/../Frameworks";
				MACOSX_DEPLOYMENT_TARGET = 13.0;
				MARKETING_VERSION = 1.0;
				PRODUCT_BUNDLE_IDENTIFIER = com.jacek.dogiel.GrandParade;
				PRODUCT_NAME = "$(TARGET_NAME)";
				SDKROOT = auto;
				SUPPORTED_PLATFORMS = "iphoneos iphonesimulator macosx";
				SWIFT_EMIT_LOC_STRINGS = YES;
				SWIFT_VERSION = 5.0;
				TARGETED_DEVICE_FAMILY = "1,2";
			};
			name = Debug;
		};
		B22A4F4C29B7D45600326B97 /* Release */ = {
			isa = XCBuildConfiguration;
			buildSettings = {
				ASSETCATALOG_COMPILER_APPICON_NAME = AppIcon;
				ASSETCATALOG_COMPILER_GLOBAL_ACCENT_COLOR_NAME = AccentColor;
				CODE_SIGN_ENTITLEMENTS = GrandParade/GrandParade.entitlements;
				CODE_SIGN_STYLE = Automatic;
				CURRENT_PROJECT_VERSION = 1;
				DEVELOPMENT_ASSET_PATHS = "\"GrandParade/Preview Content\"";
				ENABLE_PREVIEWS = YES;
				GENERATE_INFOPLIST_FILE = YES;
				"INFOPLIST_KEY_UIApplicationSceneManifest_Generation[sdk=iphoneos*]" = YES;
				"INFOPLIST_KEY_UIApplicationSceneManifest_Generation[sdk=iphonesimulator*]" = YES;
				"INFOPLIST_KEY_UIApplicationSupportsIndirectInputEvents[sdk=iphoneos*]" = YES;
				"INFOPLIST_KEY_UIApplicationSupportsIndirectInputEvents[sdk=iphonesimulator*]" = YES;
				"INFOPLIST_KEY_UILaunchScreen_Generation[sdk=iphoneos*]" = YES;
				"INFOPLIST_KEY_UILaunchScreen_Generation[sdk=iphonesimulator*]" = YES;
				"INFOPLIST_KEY_UIStatusBarStyle[sdk=iphoneos*]" = UIStatusBarStyleDefault;
				"INFOPLIST_KEY_UIStatusBarStyle[sdk=iphonesimulator*]" = UIStatusBarStyleDefault;
				INFOPLIST_KEY_UISupportedInterfaceOrientations_iPad = "UIInterfaceOrientationPortrait UIInterfaceOrientationPortraitUpsideDown UIInterfaceOrientationLandscapeLeft UIInterfaceOrientationLandscapeRight";
				INFOPLIST_KEY_UISupportedInterfaceOrientations_iPhone = "UIInterfaceOrientationPortrait UIInterfaceOrientationLandscapeLeft UIInterfaceOrientationLandscapeRight";
				IPHONEOS_DEPLOYMENT_TARGET = 16.1;
				LD_RUNPATH_SEARCH_PATHS = "@executable_path/Frameworks";
				"LD_RUNPATH_SEARCH_PATHS[sdk=macosx*]" = "@executable_path/../Frameworks";
				MACOSX_DEPLOYMENT_TARGET = 13.0;
				MARKETING_VERSION = 1.0;
				PRODUCT_BUNDLE_IDENTIFIER = com.jacek.dogiel.GrandParade;
				PRODUCT_NAME = "$(TARGET_NAME)";
				SDKROOT = auto;
				SUPPORTED_PLATFORMS = "iphoneos iphonesimulator macosx";
				SWIFT_EMIT_LOC_STRINGS = YES;
				SWIFT_VERSION = 5.0;
				TARGETED_DEVICE_FAMILY = "1,2";
			};
			name = Release;
		};
		B22A4F4E29B7D45600326B97 /* Debug */ = {
			isa = XCBuildConfiguration;
			buildSettings = {
				ALWAYS_EMBED_SWIFT_STANDARD_LIBRARIES = YES;
				BUNDLE_LOADER = "$(TEST_HOST)";
				CODE_SIGN_STYLE = Automatic;
				CURRENT_PROJECT_VERSION = 1;
				GENERATE_INFOPLIST_FILE = YES;
				IPHONEOS_DEPLOYMENT_TARGET = 16.1;
				MACOSX_DEPLOYMENT_TARGET = 13.0;
				MARKETING_VERSION = 1.0;
				PRODUCT_BUNDLE_IDENTIFIER = com.jacek.dogiel.GrandParadeTests;
				PRODUCT_NAME = "$(TARGET_NAME)";
				SDKROOT = auto;
				SUPPORTED_PLATFORMS = "iphoneos iphonesimulator macosx";
				SWIFT_EMIT_LOC_STRINGS = NO;
				SWIFT_VERSION = 5.0;
				TARGETED_DEVICE_FAMILY = "1,2";
				TEST_HOST = "$(BUILT_PRODUCTS_DIR)/GrandParade.app/$(BUNDLE_EXECUTABLE_FOLDER_PATH)/GrandParade";
			};
			name = Debug;
		};
		B22A4F4F29B7D45600326B97 /* Release */ = {
			isa = XCBuildConfiguration;
			buildSettings = {
				ALWAYS_EMBED_SWIFT_STANDARD_LIBRARIES = YES;
				BUNDLE_LOADER = "$(TEST_HOST)";
				CODE_SIGN_STYLE = Automatic;
				CURRENT_PROJECT_VERSION = 1;
				GENERATE_INFOPLIST_FILE = YES;
				IPHONEOS_DEPLOYMENT_TARGET = 16.1;
				MACOSX_DEPLOYMENT_TARGET = 13.0;
				MARKETING_VERSION = 1.0;
				PRODUCT_BUNDLE_IDENTIFIER = com.jacek.dogiel.GrandParadeTests;
				PRODUCT_NAME = "$(TARGET_NAME)";
				SDKROOT = auto;
				SUPPORTED_PLATFORMS = "iphoneos iphonesimulator macosx";
				SWIFT_EMIT_LOC_STRINGS = NO;
				SWIFT_VERSION = 5.0;
				TARGETED_DEVICE_FAMILY = "1,2";
				TEST_HOST = "$(BUILT_PRODUCTS_DIR)/GrandParade.app/$(BUNDLE_EXECUTABLE_FOLDER_PATH)/GrandParade";
			};
			name = Release;
		};
		B22A4F5129B7D45600326B97 /* Debug */ = {
			isa = XCBuildConfiguration;
			buildSettings = {
				ALWAYS_EMBED_SWIFT_STANDARD_LIBRARIES = YES;
				CODE_SIGN_STYLE = Automatic;
				CURRENT_PROJECT_VERSION = 1;
				GENERATE_INFOPLIST_FILE = YES;
				IPHONEOS_DEPLOYMENT_TARGET = 16.1;
				MACOSX_DEPLOYMENT_TARGET = 13.0;
				MARKETING_VERSION = 1.0;
				PRODUCT_BUNDLE_IDENTIFIER = com.jacek.dogiel.GrandParadeUITests;
				PRODUCT_NAME = "$(TARGET_NAME)";
				SDKROOT = auto;
				SUPPORTED_PLATFORMS = "iphoneos iphonesimulator macosx";
				SWIFT_EMIT_LOC_STRINGS = NO;
				SWIFT_VERSION = 5.0;
				TARGETED_DEVICE_FAMILY = "1,2";
				TEST_TARGET_NAME = GrandParade;
			};
			name = Debug;
		};
		B22A4F5229B7D45600326B97 /* Release */ = {
			isa = XCBuildConfiguration;
			buildSettings = {
				ALWAYS_EMBED_SWIFT_STANDARD_LIBRARIES = YES;
				CODE_SIGN_STYLE = Automatic;
				CURRENT_PROJECT_VERSION = 1;
				GENERATE_INFOPLIST_FILE = YES;
				IPHONEOS_DEPLOYMENT_TARGET = 16.1;
				MACOSX_DEPLOYMENT_TARGET = 13.0;
				MARKETING_VERSION = 1.0;
				PRODUCT_BUNDLE_IDENTIFIER = com.jacek.dogiel.GrandParadeUITests;
				PRODUCT_NAME = "$(TARGET_NAME)";
				SDKROOT = auto;
				SUPPORTED_PLATFORMS = "iphoneos iphonesimulator macosx";
				SWIFT_EMIT_LOC_STRINGS = NO;
				SWIFT_VERSION = 5.0;
				TARGETED_DEVICE_FAMILY = "1,2";
				TEST_TARGET_NAME = GrandParade;
			};
			name = Release;
		};
/* End XCBuildConfiguration section */

/* Begin XCConfigurationList section */
		B22A4F2029B7D45500326B97 /* Build configuration list for PBXProject "GrandParade" */ = {
			isa = XCConfigurationList;
			buildConfigurations = (
				B22A4F4829B7D45600326B97 /* Debug */,
				B22A4F4929B7D45600326B97 /* Release */,
			);
			defaultConfigurationIsVisible = 0;
			defaultConfigurationName = Release;
		};
		B22A4F4A29B7D45600326B97 /* Build configuration list for PBXNativeTarget "GrandParade" */ = {
			isa = XCConfigurationList;
			buildConfigurations = (
				B22A4F4B29B7D45600326B97 /* Debug */,
				B22A4F4C29B7D45600326B97 /* Release */,
			);
			defaultConfigurationIsVisible = 0;
			defaultConfigurationName = Release;
		};
		B22A4F4D29B7D45600326B97 /* Build configuration list for PBXNativeTarget "GrandParadeTests" */ = {
			isa = XCConfigurationList;
			buildConfigurations = (
				B22A4F4E29B7D45600326B97 /* Debug */,
				B22A4F4F29B7D45600326B97 /* Release */,
			);
			defaultConfigurationIsVisible = 0;
			defaultConfigurationName = Release;
		};
		B22A4F5029B7D45600326B97 /* Build configuration list for PBXNativeTarget "GrandParadeUITests" */ = {
			isa = XCConfigurationList;
			buildConfigurations = (
				B22A4F5129B7D45600326B97 /* Debug */,
				B22A4F5229B7D45600326B97 /* Release */,
			);
			defaultConfigurationIsVisible = 0;
			defaultConfigurationName = Release;
		};
/* End XCConfigurationList section */
	};
	rootObject = B22A4F1D29B7D45500326B97 /* Project object */;
}
